{
  "name": "wondering.monster",
  "lockfileVersion": 2,
  "requires": true,
  "packages": {
    "": {
      "dependencies": {
        "indefinite": "^2.3.1",
        "micromodal": "^0.4.2",
        "rpg-dice-roller": "^5.0.0"
      }
    },
    "node_modules/@babel/runtime": {
      "version": "7.21.5",
      "resolved": "https://registry.npmjs.org/@babel/runtime/-/runtime-7.21.5.tgz",
      "integrity": "sha512-8jI69toZqqcsnqGGqwGS4Qb1VwLOEp4hz+CXPywcvjs60u3B4Pom/U/7rm4W8tMOYEB+E9wgD0mW1l3r8qlI9Q==",
      "dependencies": {
        "regenerator-runtime": "^0.13.11"
      },
      "engines": {
        "node": ">=6.9.0"
      }
    },
    "node_modules/complex.js": {
      "version": "2.1.1",
      "resolved": "https://registry.npmjs.org/complex.js/-/complex.js-2.1.1.tgz",
      "integrity": "sha512-8njCHOTtFFLtegk6zQo0kkVX1rngygb/KQI6z1qZxlFI3scluC+LVTCFbrkWjBv4vvLlbQ9t88IPMC6k95VTTg==",
      "engines": {
        "node": "*"
      },
      "funding": {
        "type": "patreon",
        "url": "https://www.patreon.com/infusion"
      }
    },
    "node_modules/decimal.js": {
      "version": "10.4.3",
      "resolved": "https://registry.npmjs.org/decimal.js/-/decimal.js-10.4.3.tgz",
      "integrity": "sha512-VBBaLc1MgL5XpzgIP7ny5Z6Nx3UrRkIViUkPUdtl9aya5amy3De1gsUUSB1g3+3sExYNjCAsAznmukyxCb1GRA=="
    },
    "node_modules/escape-latex": {
      "version": "1.2.0",
      "resolved": "https://registry.npmjs.org/escape-latex/-/escape-latex-1.2.0.tgz",
      "integrity": "sha512-nV5aVWW1K0wEiUIEdZ4erkGGH8mDxGyxSeqPzRNtWP7ataw+/olFObw7hujFWlVjNsaDFw5VZ5NzVSIqRgfTiw=="
    },
    "node_modules/fraction.js": {
      "version": "4.2.0",
      "resolved": "https://registry.npmjs.org/fraction.js/-/fraction.js-4.2.0.tgz",
      "integrity": "sha512-MhLuK+2gUcnZe8ZHlaaINnQLl0xRIGRfcGk2yl8xoQAfHrSsL3rYu6FCmBdkdbhc9EPlwyGHewaRsvwRMJtAlA==",
      "engines": {
        "node": "*"
      },
      "funding": {
        "type": "patreon",
        "url": "https://www.patreon.com/infusion"
      }
    },
    "node_modules/indefinite": {
      "version": "2.3.1",
      "resolved": "https://registry.npmjs.org/indefinite/-/indefinite-2.3.1.tgz",
      "integrity": "sha512-o23M4BO+BV2lD6Q5c2DsEWBV+UvoJX6iLNoDlw4+Xe24Yj0Ig/q5TGptdSvj+R9FpE6XxhByxo9MrEvVqFbtQw==",
      "engines": {
        "node": ">=6.0.0"
      }
    },
    "node_modules/javascript-natural-sort": {
      "version": "0.7.1",
      "resolved": "https://registry.npmjs.org/javascript-natural-sort/-/javascript-natural-sort-0.7.1.tgz",
      "integrity": "sha512-nO6jcEfZWQXDhOiBtG2KvKyEptz7RVbpGP4vTD2hLBdmNQSsCiicO2Ioinv6UI4y9ukqnBpy+XZ9H6uLNgJTlw=="
    },
    "node_modules/mathjs": {
      "version": "9.5.2",
      "resolved": "https://registry.npmjs.org/mathjs/-/mathjs-9.5.2.tgz",
      "integrity": "sha512-c0erTq0GP503/Ch2OtDOAn50GIOsuxTMjmE00NI/vKJFSWrDaQHRjx6ai+16xYv70yBSnnpUgHZGNf9FR9IwmA==",
      "dependencies": {
        "@babel/runtime": "^7.15.4",
        "complex.js": "^2.0.15",
        "decimal.js": "^10.3.1",
        "escape-latex": "^1.2.0",
        "fraction.js": "^4.1.1",
        "javascript-natural-sort": "^0.7.1",
        "seedrandom": "^3.0.5",
        "tiny-emitter": "^2.1.0",
        "typed-function": "^2.0.0"
      },
      "bin": {
        "mathjs": "bin/cli.js"
      },
      "engines": {
        "node": ">= 12"
      }
    },
    "node_modules/micromodal": {
      "version": "0.4.2",
      "resolved": "https://registry.npmjs.org/micromodal/-/micromodal-0.4.2.tgz",
      "integrity": "sha512-tL8Z6Vi72haNUNlkhLjJJv1Q16eqUWMPAGT4RF7mwDM5DNyJXC67Yj8jw/yVgGYdhnCEBBf3X5JM3d/MpXSEKg=="
    },
    "node_modules/random-js": {
      "version": "2.1.0",
      "resolved": "https://registry.npmjs.org/random-js/-/random-js-2.1.0.tgz",
      "integrity": "sha512-CRUyWmnzmZBA7RZSVGq0xMqmgCyPPxbiKNLFA5ud7KenojVX2s7Gv+V7eB52beKTPGxWRnVZ7D/tCIgYJJ8vNQ=="
    },
    "node_modules/regenerator-runtime": {
      "version": "0.13.11",
      "resolved": "https://registry.npmjs.org/regenerator-runtime/-/regenerator-runtime-0.13.11.tgz",
      "integrity": "sha512-kY1AZVr2Ra+t+piVaJ4gxaFaReZVH40AKNo7UCX6W+dEwBo/2oZJzqfuN1qLq1oL45o56cPaTXELwrTh8Fpggg=="
    },
    "node_modules/rpg-dice-roller": {
      "version": "5.0.0",
      "resolved": "https://registry.npmjs.org/rpg-dice-roller/-/rpg-dice-roller-5.0.0.tgz",
      "integrity": "sha512-UPE9RVFa9EveqxfiNkmBKs6dThQiGZzPIlkz76M4h8XlUEkodNyeievtjqkJOyWiOWO6QQXQ3JWQ/gKmLiElHw==",
      "deprecated": "Package has been moved. Please use @dice-roller/rpg-dice-roller instead",
      "dependencies": {
        "mathjs": "^9.3.2",
        "random-js": "^2.1.0"
      },
      "engines": {
        "node": ">=12.0"
      },
      "funding": {
        "url": "https://github.com/sponsors/GreenImp"
      }
    },
    "node_modules/seedrandom": {
      "version": "3.0.5",
      "resolved": "https://registry.npmjs.org/seedrandom/-/seedrandom-3.0.5.tgz",
      "integrity": "sha512-8OwmbklUNzwezjGInmZ+2clQmExQPvomqjL7LFqOYqtmuxRgQYqOD3mHaU+MvZn5FLUeVxVfQjwLZW/n/JFuqg=="
    },
    "node_modules/tiny-emitter": {
      "version": "2.1.0",
      "resolved": "https://registry.npmjs.org/tiny-emitter/-/tiny-emitter-2.1.0.tgz",
      "integrity": "sha512-NB6Dk1A9xgQPMoGqC5CVXn123gWyte215ONT5Pp5a0yt4nlEoO1ZWeCwpncaekPHXO60i47ihFnZPiRPjRMq4Q=="
    },
    "node_modules/typed-function": {
      "version": "2.1.0",
      "resolved": "https://registry.npmjs.org/typed-function/-/typed-function-2.1.0.tgz",
      "integrity": "sha512-bctQIOqx2iVbWGDGPWwIm18QScpu2XRmkC19D8rQGFsjKSgteq/o1hTZvIG/wuDq8fanpBDrLkLq+aEN/6y5XQ==",
      "engines": {
        "node": ">= 10"
      }
    }
  },
  "dependencies": {
    "@babel/runtime": {
      "version": "7.21.5",
      "resolved": "https://registry.npmjs.org/@babel/runtime/-/runtime-7.21.5.tgz",
      "integrity": "sha512-8jI69toZqqcsnqGGqwGS4Qb1VwLOEp4hz+CXPywcvjs60u3B4Pom/U/7rm4W8tMOYEB+E9wgD0mW1l3r8qlI9Q==",
      "requires": {
        "regenerator-runtime": "^0.13.11"
      }
    },
    "complex.js": {
      "version": "2.1.1",
      "resolved": "https://registry.npmjs.org/complex.js/-/complex.js-2.1.1.tgz",
      "integrity": "sha512-8njCHOTtFFLtegk6zQo0kkVX1rngygb/KQI6z1qZxlFI3scluC+LVTCFbrkWjBv4vvLlbQ9t88IPMC6k95VTTg=="
    },
    "decimal.js": {
      "version": "10.4.3",
      "resolved": "https://registry.npmjs.org/decimal.js/-/decimal.js-10.4.3.tgz",
      "integrity": "sha512-VBBaLc1MgL5XpzgIP7ny5Z6Nx3UrRkIViUkPUdtl9aya5amy3De1gsUUSB1g3+3sExYNjCAsAznmukyxCb1GRA=="
    },
    "escape-latex": {
      "version": "1.2.0",
      "resolved": "https://registry.npmjs.org/escape-latex/-/escape-latex-1.2.0.tgz",
      "integrity": "sha512-nV5aVWW1K0wEiUIEdZ4erkGGH8mDxGyxSeqPzRNtWP7ataw+/olFObw7hujFWlVjNsaDFw5VZ5NzVSIqRgfTiw=="
    },
    "fraction.js": {
      "version": "4.2.0",
      "resolved": "https://registry.npmjs.org/fraction.js/-/fraction.js-4.2.0.tgz",
      "integrity": "sha512-MhLuK+2gUcnZe8ZHlaaINnQLl0xRIGRfcGk2yl8xoQAfHrSsL3rYu6FCmBdkdbhc9EPlwyGHewaRsvwRMJtAlA=="
    },
    "indefinite": {
      "version": "2.3.1",
      "resolved": "https://registry.npmjs.org/indefinite/-/indefinite-2.3.1.tgz",
      "integrity": "sha512-o23M4BO+BV2lD6Q5c2DsEWBV+UvoJX6iLNoDlw4+Xe24Yj0Ig/q5TGptdSvj+R9FpE6XxhByxo9MrEvVqFbtQw=="
    },
    "javascript-natural-sort": {
      "version": "0.7.1",
      "resolved": "https://registry.npmjs.org/javascript-natural-sort/-/javascript-natural-sort-0.7.1.tgz",
      "integrity": "sha512-nO6jcEfZWQXDhOiBtG2KvKyEptz7RVbpGP4vTD2hLBdmNQSsCiicO2Ioinv6UI4y9ukqnBpy+XZ9H6uLNgJTlw=="
    },
    "mathjs": {
      "version": "9.5.2",
      "resolved": "https://registry.npmjs.org/mathjs/-/mathjs-9.5.2.tgz",
      "integrity": "sha512-c0erTq0GP503/Ch2OtDOAn50GIOsuxTMjmE00NI/vKJFSWrDaQHRjx6ai+16xYv70yBSnnpUgHZGNf9FR9IwmA==",
      "requires": {
        "@babel/runtime": "^7.15.4",
        "complex.js": "^2.0.15",
        "decimal.js": "^10.3.1",
        "escape-latex": "^1.2.0",
        "fraction.js": "^4.1.1",
        "javascript-natural-sort": "^0.7.1",
        "seedrandom": "^3.0.5",
        "tiny-emitter": "^2.1.0",
        "typed-function": "^2.0.0"
      }
    },
    "micromodal": {
      "version": "0.4.2",
      "resolved": "https://registry.npmjs.org/micromodal/-/micromodal-0.4.2.tgz",
      "integrity": "sha512-tL8Z6Vi72haNUNlkhLjJJv1Q16eqUWMPAGT4RF7mwDM5DNyJXC67Yj8jw/yVgGYdhnCEBBf3X5JM3d/MpXSEKg=="
    },
    "random-js": {
      "version": "2.1.0",
      "resolved": "https://registry.npmjs.org/random-js/-/random-js-2.1.0.tgz",
      "integrity": "sha512-CRUyWmnzmZBA7RZSVGq0xMqmgCyPPxbiKNLFA5ud7KenojVX2s7Gv+V7eB52beKTPGxWRnVZ7D/tCIgYJJ8vNQ=="
    },
    "regenerator-runtime": {
      "version": "0.13.11",
      "resolved": "https://registry.npmjs.org/regenerator-runtime/-/regenerator-runtime-0.13.11.tgz",
      "integrity": "sha512-kY1AZVr2Ra+t+piVaJ4gxaFaReZVH40AKNo7UCX6W+dEwBo/2oZJzqfuN1qLq1oL45o56cPaTXELwrTh8Fpggg=="
    },
    "rpg-dice-roller": {
      "version": "5.0.0",
      "resolved": "https://registry.npmjs.org/rpg-dice-roller/-/rpg-dice-roller-5.0.0.tgz",
      "integrity": "sha512-UPE9RVFa9EveqxfiNkmBKs6dThQiGZzPIlkz76M4h8XlUEkodNyeievtjqkJOyWiOWO6QQXQ3JWQ/gKmLiElHw==",
      "requires": {
        "mathjs": "^9.3.2",
        "random-js": "^2.1.0"
      }
    },
    "seedrandom": {
      "version": "3.0.5",
      "resolved": "https://registry.npmjs.org/seedrandom/-/seedrandom-3.0.5.tgz",
      "integrity": "sha512-8OwmbklUNzwezjGInmZ+2clQmExQPvomqjL7LFqOYqtmuxRgQYqOD3mHaU+MvZn5FLUeVxVfQjwLZW/n/JFuqg=="
    },
    "tiny-emitter": {
      "version": "2.1.0",
      "resolved": "https://registry.npmjs.org/tiny-emitter/-/tiny-emitter-2.1.0.tgz",
      "integrity": "sha512-NB6Dk1A9xgQPMoGqC5CVXn123gWyte215ONT5Pp5a0yt4nlEoO1ZWeCwpncaekPHXO60i47ihFnZPiRPjRMq4Q=="
    },
    "typed-function": {
      "version": "2.1.0",
      "resolved": "https://registry.npmjs.org/typed-function/-/typed-function-2.1.0.tgz",
      "integrity": "sha512-bctQIOqx2iVbWGDGPWwIm18QScpu2XRmkC19D8rQGFsjKSgteq/o1hTZvIG/wuDq8fanpBDrLkLq+aEN/6y5XQ=="
    }
  }
}
