# THIS IS AN AUTOGENERATED FILE. DO NOT EDIT THIS FILE DIRECTLY.
# yarn lockfile v1


"@babel/runtime@^7.26.10":
  version "7.27.6"
  resolved "https://registry.npmjs.org/@babel/runtime/-/runtime-7.27.6.tgz"
  integrity sha512-vbavdySgbTTrmFE+EsiqUTzlOr5bzlnJtUv9PynGCAKvfQqjIXbvFdumPM/GxMDfyuGMJaJAU6TO4zc1Jf1i8Q==

"@dice-roller/rpg-dice-roller@^5.5.1":
  version "5.5.1"
  resolved "https://registry.npmjs.org/@dice-roller/rpg-dice-roller/-/rpg-dice-roller-5.5.1.tgz"
  integrity sha512-De5/UTjihpv639XJDBOCfwuOlzIInLqCeal5rpIY9C8Qh8oaNL2/5e0wa/0lcVZyy8m+BCn5zT4eZamCnguIXQ==
  dependencies:
    mathjs "^14.2.0"
    random-js "^2.1.0"

complex.js@^2.2.5:
  version "2.4.2"
  resolved "https://registry.npmjs.org/complex.js/-/complex.js-2.4.2.tgz"
  integrity sha512-qtx7HRhPGSCBtGiST4/WGHuW+zeaND/6Ld+db6PbrulIB1i2Ev/2UPiqcmpQNPSyfBKraC0EOvOKCB5dGZKt3g==

decimal.js@^10.4.3:
  version "10.5.0"
  resolved "https://registry.npmjs.org/decimal.js/-/decimal.js-10.5.0.tgz"
  integrity sha512-8vDa8Qxvr/+d94hSh5P3IJwI5t8/c0KsMp+g8bNw9cY2icONa5aPfvKeieW1WlG0WQYwwhJ7mjui2xtiePQSXw==

escape-latex@^1.2.0:
  version "1.2.0"
  resolved "https://registry.npmjs.org/escape-latex/-/escape-latex-1.2.0.tgz"
  integrity sha512-nV5aVWW1K0wEiUIEdZ4erkGGH8mDxGyxSeqPzRNtWP7ataw+/olFObw7hujFWlVjNsaDFw5VZ5NzVSIqRgfTiw==

fraction.js@^5.2.1:
  version "5.2.2"
  resolved "https://registry.npmjs.org/fraction.js/-/fraction.js-5.2.2.tgz"
  integrity sha512-uXBDv5knpYmv/2gLzWQ5mBHGBRk9wcKTeWu6GLTUEQfjCxO09uM/mHDrojlL+Q1mVGIIFo149Gba7od1XPgSzQ==

indefinite@^2.3.1:
  version "2.3.1"
  resolved "https://registry.npmjs.org/indefinite/-/indefinite-2.3.1.tgz"
  integrity sha512-o23M4BO+BV2lD6Q5c2DsEWBV+UvoJX6iLNoDlw4+Xe24Yj0Ig/q5TGptdSvj+R9FpE6XxhByxo9MrEvVqFbtQw==

javascript-natural-sort@^0.7.1:
  version "0.7.1"
  resolved "https://registry.npmjs.org/javascript-natural-sort/-/javascript-natural-sort-0.7.1.tgz"
  integrity sha512-nO6jcEfZWQXDhOiBtG2KvKyEptz7RVbpGP4vTD2hLBdmNQSsCiicO2Ioinv6UI4y9ukqnBpy+XZ9H6uLNgJTlw==

mathjs@^14.2.0:
  version "14.5.2"
  resolved "https://registry.npmjs.org/mathjs/-/mathjs-14.5.2.tgz"
  integrity sha512-51U6hp7j4M4Rj+l+q2KbmXAV9EhQVQzUdw1wE67RnUkKKq5ibxdrl9Ky2YkSUEIc2+VU8/IsThZNu6QSHUoyTA==
  dependencies:
    "@babel/runtime" "^7.26.10"
    complex.js "^2.2.5"
    decimal.js "^10.4.3"
    escape-latex "^1.2.0"
    fraction.js "^5.2.1"
    javascript-natural-sort "^0.7.1"
    seedrandom "^3.0.5"
    tiny-emitter "^2.1.0"
    typed-function "^4.2.1"

micromodal@^0.4.2:
  version "0.4.2"
  resolved "https://registry.npmjs.org/micromodal/-/micromodal-0.4.2.tgz"
  integrity sha512-tL8Z6Vi72haNUNlkhLjJJv1Q16eqUWMPAGT4RF7mwDM5DNyJXC67Yj8jw/yVgGYdhnCEBBf3X5JM3d/MpXSEKg==

random-js@^2.1.0:
  version "2.1.0"
  resolved "https://registry.npmjs.org/random-js/-/random-js-2.1.0.tgz"
  integrity sha512-CRUyWmnzmZBA7RZSVGq0xMqmgCyPPxbiKNLFA5ud7KenojVX2s7Gv+V7eB52beKTPGxWRnVZ7D/tCIgYJJ8vNQ==

seedrandom@^3.0.5:
  version "3.0.5"
  resolved "https://registry.npmjs.org/seedrandom/-/seedrandom-3.0.5.tgz"
  integrity sha512-8OwmbklUNzwezjGInmZ+2clQmExQPvomqjL7LFqOYqtmuxRgQYqOD3mHaU+MvZn5FLUeVxVfQjwLZW/n/JFuqg==

tiny-emitter@^2.1.0:
  version "2.1.0"
  resolved "https://registry.npmjs.org/tiny-emitter/-/tiny-emitter-2.1.0.tgz"
  integrity sha512-NB6Dk1A9xgQPMoGqC5CVXn123gWyte215ONT5Pp5a0yt4nlEoO1ZWeCwpncaekPHXO60i47ihFnZPiRPjRMq4Q==

typed-function@^4.2.1:
  version "4.2.1"
  resolved "https://registry.npmjs.org/typed-function/-/typed-function-4.2.1.tgz"
  integrity sha512-EGjWssW7Tsk4DGfE+5yluuljS1OGYWiI1J6e8puZz9nTMM51Oug8CD5Zo4gWMsOhq5BI+1bF+rWTm4Vbj3ivRA==
